// !$*UTF8*$!
{
	archiveVersion = 1;
	classes = {
	};
	objectVersion = 56;
	objects = {

/* Begin PBXBuildFile section */
		ABDE2F992A657E9700F185A9 /* AppDelegate.swift in Sources */ = {isa = PBXBuildFile; fileRef = ABDE2F982A657E9700F185A9 /* AppDelegate.swift */; };
		ABDE2F9B2A657E9700F185A9 /* SceneDelegate.swift in Sources */ = {isa = PBXBuildFile; fileRef = ABDE2F9A2A657E9700F185A9 /* SceneDelegate.swift */; };
		ABDE2F9D2A657E9700F185A9 /* ViewController.swift in Sources */ = {isa = PBXBuildFile; fileRef = ABDE2F9C2A657E9700F185A9 /* ViewController.swift */; };
		ABDE2FA02A657E9700F185A9 /* Main.storyboard in Resources */ = {isa = PBXBuildFile; fileRef = ABDE2F9E2A657E9700F185A9 /* Main.storyboard */; };
		ABDE2FA22A657E9900F185A9 /* Assets.xcassets in Resources */ = {isa = PBXBuildFile; fileRef = ABDE2FA12A657E9900F185A9 /* Assets.xcassets */; };
		ABDE2FA52A657E9900F185A9 /* LaunchScreen.storyboard in Resources */ = {isa = PBXBuildFile; fileRef = ABDE2FA32A657E9900F185A9 /* LaunchScreen.storyboard */; };
		ABDE2FB12A65AE8A00F185A9 /* User.swift in Sources */ = {isa = PBXBuildFile; fileRef = ABDE2FB02A65AE8A00F185A9 /* User.swift */; };
		ABDE2FB32A65B14D00F185A9 /* DetailTableViewController.swift in Sources */ = {isa = PBXBuildFile; fileRef = ABDE2FB22A65B14D00F185A9 /* DetailTableViewController.swift */; };
		ABDE2FB52A65B27B00F185A9 /* PersonDetailTableViewCell.swift in Sources */ = {isa = PBXBuildFile; fileRef = ABDE2FB42A65B27B00F185A9 /* PersonDetailTableViewCell.swift */; };
		ABDE2FB72A65B61400F185A9 /* Network .swift in Sources */ = {isa = PBXBuildFile; fileRef = ABDE2FB62A65B61400F185A9 /* Network .swift */; };
/* End PBXBuildFile section */

/* Begin PBXFileReference section */
		ABDE2F952A657E9700F185A9 /* MockInterviewProject#2.app */ = {isa = PBXFileReference; explicitFileType = wrapper.application; includeInIndex = 0; path = "MockInterviewProject#2.app"; sourceTree = BUILT_PRODUCTS_DIR; };
		ABDE2F982A657E9700F185A9 /* AppDelegate.swift */ = {isa = PBXFileReference; lastKnownFileType = sourcecode.swift; path = AppDelegate.swift; sourceTree = "<group>"; };
		ABDE2F9A2A657E9700F185A9 /* SceneDelegate.swift */ = {isa = PBXFileReference; lastKnownFileType = sourcecode.swift; path = SceneDelegate.swift; sourceTree = "<group>"; };
		ABDE2F9C2A657E9700F185A9 /* ViewController.swift */ = {isa = PBXFileReference; lastKnownFileType = sourcecode.swift; path = ViewController.swift; sourceTree = "<group>"; };
		ABDE2F9F2A657E9700F185A9 /* Base */ = {isa = PBXFileReference; lastKnownFileType = file.storyboard; name = Base; path = Base.lproj/Main.storyboard; sourceTree = "<group>"; };
		ABDE2FA12A657E9900F185A9 /* Assets.xcassets */ = {isa = PBXFileReference; lastKnownFileType = folder.assetcatalog; path = Assets.xcassets; sourceTree = "<group>"; };
		ABDE2FA42A657E9900F185A9 /* Base */ = {isa = PBXFileReference; lastKnownFileType = file.storyboard; name = Base; path = Base.lproj/LaunchScreen.storyboard; sourceTree = "<group>"; };
		ABDE2FA62A657E9900F185A9 /* Info.plist */ = {isa = PBXFileReference; lastKnownFileType = text.plist.xml; path = Info.plist; sourceTree = "<group>"; };
		ABDE2FB02A65AE8A00F185A9 /* User.swift */ = {isa = PBXFileReference; lastKnownFileType = sourcecode.swift; path = User.swift; sourceTree = "<group>"; };
		ABDE2FB22A65B14D00F185A9 /* DetailTableViewController.swift */ = {isa = PBXFileReference; lastKnownFileType = sourcecode.swift; path = DetailTableViewController.swift; sourceTree = "<group>"; };
		ABDE2FB42A65B27B00F185A9 /* PersonDetailTableViewCell.swift */ = {isa = PBXFileReference; lastKnownFileType = sourcecode.swift; path = PersonDetailTableViewCell.swift; sourceTree = "<group>"; };
		ABDE2FB62A65B61400F185A9 /* Network .swift */ = {isa = PBXFileReference; lastKnownFileType = sourcecode.swift; path = "Network .swift"; sourceTree = "<group>"; };
/* End PBXFileReference section */

/* Begin PBXFrameworksBuildPhase section */
		ABDE2F922A657E9700F185A9 /* Frameworks */ = {
			isa = PBXFrameworksBuildPhase;
			buildActionMask = 2147483647;
			files = (
			);
			runOnlyForDeploymentPostprocessing = 0;
		};
/* End PBXFrameworksBuildPhase section */

/* Begin PBXGroup section */
		ABDE2F8C2A657E9600F185A9 = {
			isa = PBXGroup;
			children = (
				ABDE2F972A657E9700F185A9 /* MockInterviewProject#2 */,
				ABDE2F962A657E9700F185A9 /* Products */,
			);
			sourceTree = "<group>";
		};
		ABDE2F962A657E9700F185A9 /* Products */ = {
			isa = PBXGroup;
			children = (
				ABDE2F952A657E9700F185A9 /* MockInterviewProject#2.app */,
			);
			name = Products;
			sourceTree = "<group>";
		};
		ABDE2F972A657E9700F185A9 /* MockInterviewProject#2 */ = {
			isa = PBXGroup;
			children = (
				ABDE2F982A657E9700F185A9 /* AppDelegate.swift */,
				ABDE2F9A2A657E9700F185A9 /* SceneDelegate.swift */,
				ABDE2F9C2A657E9700F185A9 /* ViewController.swift */,
				ABDE2F9E2A657E9700F185A9 /* Main.storyboard */,
				ABDE2FB42A65B27B00F185A9 /* PersonDetailTableViewCell.swift */,
				ABDE2FB22A65B14D00F185A9 /* DetailTableViewController.swift */,
				ABDE2FB62A65B61400F185A9 /* Network .swift */,
				ABDE2FA12A657E9900F185A9 /* Assets.xcassets */,
				ABDE2FA32A657E9900F185A9 /* LaunchScreen.storyboard */,
				ABDE2FA62A657E9900F185A9 /* Info.plist */,
				ABDE2FB02A65AE8A00F185A9 /* User.swift */,
			);
			path = "MockInterviewProject#2";
			sourceTree = "<group>";
		};
/* End PBXGroup section */

/* Begin PBXNativeTarget section */
		ABDE2F942A657E9700F185A9 /* MockInterviewProject#2 */ = {
			isa = PBXNativeTarget;
			buildConfigurationList = ABDE2FA92A657E9900F185A9 /* Build configuration list for PBXNativeTarget "MockInterviewProject#2" */;
			buildPhases = (
				ABDE2F912A657E9700F185A9 /* Sources */,
				ABDE2F922A657E9700F185A9 /* Frameworks */,
				ABDE2F932A657E9700F185A9 /* Resources */,
			);
			buildRules = (
			);
			dependencies = (
			);
			name = "MockInterviewProject#2";
			productName = "MockInterviewProject#2";
			productReference = ABDE2F952A657E9700F185A9 /* MockInterviewProject#2.app */;
			productType = "com.apple.product-type.application";
		};
/* End PBXNativeTarget section */

/* Begin PBXProject section */
		ABDE2F8D2A657E9600F185A9 /* Project object */ = {
			isa = PBXProject;
			attributes = {
				BuildIndependentTargetsInParallel = 1;
				LastSwiftUpdateCheck = 1430;
				LastUpgradeCheck = 1430;
				TargetAttributes = {
					ABDE2F942A657E9700F185A9 = {
						CreatedOnToolsVersion = 14.3.1;
					};
				};
			};
			buildConfigurationList = ABDE2F902A657E9600F185A9 /* Build configuration list for PBXProject "MockInterviewProject#2" */;
			compatibilityVersion = "Xcode 14.0";
			developmentRegion = en;
			hasScannedForEncodings = 0;
			knownRegions = (
				en,
				Base,
			);
			mainGroup = ABDE2F8C2A657E9600F185A9;
			productRefGroup = ABDE2F962A657E9700F185A9 /* Products */;
			projectDirPath = "";
			projectRoot = "";
			targets = (
				ABDE2F942A657E9700F185A9 /* MockInterviewProject#2 */,
			);
		};
/* End PBXProject section */

/* Begin PBXResourcesBuildPhase section */
		ABDE2F932A657E9700F185A9 /* Resources */ = {
			isa = PBXResourcesBuildPhase;
			buildActionMask = 2147483647;
			files = (
				ABDE2FA52A657E9900F185A9 /* LaunchScreen.storyboard in Resources */,
				ABDE2FA22A657E9900F185A9 /* Assets.xcassets in Resources */,
				ABDE2FA02A657E9700F185A9 /* Main.storyboard in Resources */,
			);
			runOnlyForDeploymentPostprocessing = 0;
		};
/* End PBXResourcesBuildPhase section */

/* Begin PBXSourcesBuildPhase section */
		ABDE2F912A657E9700F185A9 /* Sources */ = {
			isa = PBXSourcesBuildPhase;
			buildActionMask = 2147483647;
			files = (
				ABDE2FB12A65AE8A00F185A9 /* User.swift in Sources */,
				ABDE2FB32A65B14D00F185A9 /* DetailTableViewController.swift in Sources */,
				ABDE2F9D2A657E9700F185A9 /* ViewController.swift in Sources */,
				ABDE2F992A657E9700F185A9 /* AppDelegate.swift in Sources */,
				ABDE2F9B2A657E9700F185A9 /* SceneDelegate.swift in Sources */,
				ABDE2FB52A65B27B00F185A9 /* PersonDetailTableViewCell.swift in Sources */,
				ABDE2FB72A65B61400F185A9 /* Network .swift in Sources */,
			);
			runOnlyForDeploymentPostprocessing = 0;
		};
/* End PBXSourcesBuildPhase section */

/* Begin PBXVariantGroup section */
		ABDE2F9E2A657E9700F185A9 /* Main.storyboard */ = {
			isa = PBXVariantGroup;
			children = (
				ABDE2F9F2A657E9700F185A9 /* Base */,
			);
			name = Main.storyboard;
			sourceTree = "<group>";
		};
		ABDE2FA32A657E9900F185A9 /* LaunchScreen.storyboard */ = {
			isa = PBXVariantGroup;
			children = (
				ABDE2FA42A657E9900F185A9 /* Base */,
			);
			name = LaunchScreen.storyboard;
			sourceTree = "<group>";
		};
/* End PBXVariantGroup section */

/* Begin XCBuildConfiguration section */
		ABDE2FA72A657E9900F185A9 /* Debug */ = {
			isa = XCBuildConfiguration;
			buildSettings = {
				ALWAYS_SEARCH_USER_PATHS = NO;
				CLANG_ANALYZER_NONNULL = YES;
				CLANG_ANALYZER_NUMBER_OBJECT_CONVERSION = YES_AGGRESSIVE;
				CLANG_CXX_LANGUAGE_STANDARD = "gnu++20";
				CLANG_ENABLE_MODULES = YES;
				CLANG_ENABLE_OBJC_ARC = YES;
				CLANG_ENABLE_OBJC_WEAK = YES;
				CLANG_WARN_BLOCK_CAPTURE_AUTORELEASING = YES;
				CLANG_WARN_BOOL_CONVERSION = YES;
				CLANG_WARN_COMMA = YES;
				CLANG_WARN_CONSTANT_CONVERSION = YES;
				CLANG_WARN_DEPRECATED_OBJC_IMPLEMENTATIONS = YES;
				CLANG_WARN_DIRECT_OBJC_ISA_USAGE = YES_ERROR;
				CLANG_WARN_DOCUMENTATION_COMMENTS = YES;
				CLANG_WARN_EMPTY_BODY = YES;
				CLANG_WARN_ENUM_CONVERSION = YES;
				CLANG_WARN_INFINITE_RECURSION = YES;
				CLANG_WARN_INT_CONVERSION = YES;
				CLANG_WARN_NON_LITERAL_NULL_CONVERSION = YES;
				CLANG_WARN_OBJC_IMPLICIT_RETAIN_SELF = YES;
				CLANG_WARN_OBJC_LITERAL_CONVERSION = YES;
				CLANG_WARN_OBJC_ROOT_CLASS = YES_ERROR;
				CLANG_WARN_QUOTED_INCLUDE_IN_FRAMEWORK_HEADER = YES;
				CLANG_WARN_RANGE_LOOP_ANALYSIS = YES;
				CLANG_WARN_STRICT_PROTOTYPES = YES;
				CLANG_WARN_SUSPICIOUS_MOVE = YES;
				CLANG_WARN_UNGUARDED_AVAILABILITY = YES_AGGRESSIVE;
				CLANG_WARN_UNREACHABLE_CODE = YES;
				CLANG_WARN__DUPLICATE_METHOD_MATCH = YES;
				COPY_PHASE_STRIP = NO;
				DEBUG_INFORMATION_FORMAT = dwarf;
				ENABLE_STRICT_OBJC_MSGSEND = YES;
				ENABLE_TESTABILITY = YES;
				GCC_C_LANGUAGE_STANDARD = gnu11;
				GCC_DYNAMIC_NO_PIC = NO;
				GCC_NO_COMMON_BLOCKS = YES;
				GCC_OPTIMIZATION_LEVEL = 0;
				GCC_PREPROCESSOR_DEFINITIONS = (
					"DEBUG=1",
					"$(inherited)",
				);
				GCC_WARN_64_TO_32_BIT_CONVERSION = YES;
				GCC_WARN_ABOUT_RETURN_TYPE = YES_ERROR;
				GCC_WARN_UNDECLARED_SELECTOR = YES;
				GCC_WARN_UNINITIALIZED_AUTOS = YES_AGGRESSIVE;
				GCC_WARN_UNUSED_FUNCTION = YES;
				GCC_WARN_UNUSED_VARIABLE = YES;
				IPHONEOS_DEPLOYMENT_TARGET = 16.4;
				MTL_ENABLE_DEBUG_INFO = INCLUDE_SOURCE;
				MTL_FAST_MATH = YES;
				ONLY_ACTIVE_ARCH = YES;
				SDKROOT = iphoneos;
				SWIFT_ACTIVE_COMPILATION_CONDITIONS = DEBUG;
				SWIFT_OPTIMIZATION_LEVEL = "-Onone";
			};
			name = Debug;
		};
		ABDE2FA82A657E9900F185A9 /* Release */ = {
			isa = XCBuildConfiguration;
			buildSettings = {
				ALWAYS_SEARCH_USER_PATHS = NO;
				CLANG_ANALYZER_NONNULL = YES;
				CLANG_ANALYZER_NUMBER_OBJECT_CONVERSION = YES_AGGRESSIVE;
				CLANG_CXX_LANGUAGE_STANDARD = "gnu++20";
				CLANG_ENABLE_MODULES = YES;
				CLANG_ENABLE_OBJC_ARC = YES;
				CLANG_ENABLE_OBJC_WEAK = YES;
				CLANG_WARN_BLOCK_CAPTURE_AUTORELEASING = YES;
				CLANG_WARN_BOOL_CONVERSION = YES;
				CLANG_WARN_COMMA = YES;
				CLANG_WARN_CONSTANT_CONVERSION = YES;
				CLANG_WARN_DEPRECATED_OBJC_IMPLEMENTATIONS = YES;
				CLANG_WARN_DIRECT_OBJC_ISA_USAGE = YES_ERROR;
				CLANG_WARN_DOCUMENTATION_COMMENTS = YES;
				CLANG_WARN_EMPTY_BODY = YES;
				CLANG_WARN_ENUM_CONVERSION = YES;
				CLANG_WARN_INFINITE_RECURSION = YES;
				CLANG_WARN_INT_CONVERSION = YES;
				CLANG_WARN_NON_LITERAL_NULL_CONVERSION = YES;
				CLANG_WARN_OBJC_IMPLICIT_RETAIN_SELF = YES;
				CLANG_WARN_OBJC_LITERAL_CONVERSION = YES;
				CLANG_WARN_OBJC_ROOT_CLASS = YES_ERROR;
				CLANG_WARN_QUOTED_INCLUDE_IN_FRAMEWORK_HEADER = YES;
				CLANG_WARN_RANGE_LOOP_ANALYSIS = YES;
				CLANG_WARN_STRICT_PROTOTYPES = YES;
				CLANG_WARN_SUSPICIOUS_MOVE = YES;
				CLANG_WARN_UNGUARDED_AVAILABILITY = YES_AGGRESSIVE;
				CLANG_WARN_UNREACHABLE_CODE = YES;
				CLANG_WARN__DUPLICATE_METHOD_MATCH = YES;
				COPY_PHASE_STRIP = NO;
				DEBUG_INFORMATION_FORMAT = "dwarf-with-dsym";
				ENABLE_NS_ASSERTIONS = NO;
				ENABLE_STRICT_OBJC_MSGSEND = YES;
				GCC_C_LANGUAGE_STANDARD = gnu11;
				GCC_NO_COMMON_BLOCKS = YES;
				GCC_WARN_64_TO_32_BIT_CONVERSION = YES;
				GCC_WARN_ABOUT_RETURN_TYPE = YES_ERROR;
				GCC_WARN_UNDECLARED_SELECTOR = YES;
				GCC_WARN_UNINITIALIZED_AUTOS = YES_AGGRESSIVE;
				GCC_WARN_UNUSED_FUNCTION = YES;
				GCC_WARN_UNUSED_VARIABLE = YES;
				IPHONEOS_DEPLOYMENT_TARGET = 16.4;
				MTL_ENABLE_DEBUG_INFO = NO;
				MTL_FAST_MATH = YES;
				SDKROOT = iphoneos;
				SWIFT_COMPILATION_MODE = wholemodule;
				SWIFT_OPTIMIZATION_LEVEL = "-O";
				VALIDATE_PRODUCT = YES;
			};
			name = Release;
		};
		ABDE2FAA2A657E9900F185A9 /* Debug */ = {
			isa = XCBuildConfiguration;
			buildSettings = {
				ASSETCATALOG_COMPILER_APPICON_NAME = AppIcon;
				ASSETCATALOG_COMPILER_GLOBAL_ACCENT_COLOR_NAME = AccentColor;
				CODE_SIGN_STYLE = Automatic;
				CURRENT_PROJECT_VERSION = 1;
				DEVELOPMENT_TEAM = 6Y4CXR7524;
				GENERATE_INFOPLIST_FILE = YES;
				INFOPLIST_FILE = "MockInterviewProject#2/Info.plist";
				INFOPLIST_KEY_UIApplicationSupportsIndirectInputEvents = YES;
				INFOPLIST_KEY_UILaunchStoryboardName = LaunchScreen;
				INFOPLIST_KEY_UIMainStoryboardFile = Main;
				INFOPLIST_KEY_UISupportedInterfaceOrientations_iPad = "UIInterfaceOrientationPortrait UIInterfaceOrientationPortraitUpsideDown UIInterfaceOrientationLandscapeLeft UIInterfaceOrientationLandscapeRight";
				INFOPLIST_KEY_UISupportedInterfaceOrientations_iPhone = "UIInterfaceOrientationPortrait UIInterfaceOrientationLandscapeLeft UIInterfaceOrientationLandscapeRight";
				LD_RUNPATH_SEARCH_PATHS = (
					"$(inherited)",
					"@executable_path/Frameworks",
				);
				MARKETING_VERSION = 1.0;
				PRODUCT_BUNDLE_IDENTIFIER = "mtech.MockInterviewProject-2";
				PRODUCT_NAME = "$(TARGET_NAME)";
				SWIFT_EMIT_LOC_STRINGS = YES;
				SWIFT_VERSION = 5.0;
				TARGETED_DEVICE_FAMILY = "1,2";
			};
			name = Debug;
		};
		ABDE2FAB2A657E9900F185A9 /* Release */ = {
			isa = XCBuildConfiguration;
			buildSettings = {
				ASSETCATALOG_COMPILER_APPICON_NAME = AppIcon;
				ASSETCATALOG_COMPILER_GLOBAL_ACCENT_COLOR_NAME = AccentColor;
				CODE_SIGN_STYLE = Automatic;
				CURRENT_PROJECT_VERSION = 1;
				DEVELOPMENT_TEAM = 6Y4CXR7524;
				GENERATE_INFOPLIST_FILE = YES;
				INFOPLIST_FILE = "MockInterviewProject#2/Info.plist";
				INFOPLIST_KEY_UIApplicationSupportsIndirectInputEvents = YES;
				INFOPLIST_KEY_UILaunchStoryboardName = LaunchScreen;
				INFOPLIST_KEY_UIMainStoryboardFile = Main;
				INFOPLIST_KEY_UISupportedInterfaceOrientations_iPad = "UIInterfaceOrientationPortrait UIInterfaceOrientationPortraitUpsideDown UIInterfaceOrientationLandscapeLeft UIInterfaceOrientationLandscapeRight";
				INFOPLIST_KEY_UISupportedInterfaceOrientations_iPhone = "UIInterfaceOrientationPortrait UIInterfaceOrientationLandscapeLeft UIInterfaceOrientationLandscapeRight";
				LD_RUNPATH_SEARCH_PATHS = (
					"$(inherited)",
					"@executable_path/Frameworks",
				);
				MARKETING_VERSION = 1.0;
				PRODUCT_BUNDLE_IDENTIFIER = "mtech.MockInterviewProject-2";
				PRODUCT_NAME = "$(TARGET_NAME)";
				SWIFT_EMIT_LOC_STRINGS = YES;
				SWIFT_VERSION = 5.0;
				TARGETED_DEVICE_FAMILY = "1,2";
			};
			name = Release;
		};
/* End XCBuildConfiguration section */

/* Begin XCConfigurationList section */
		ABDE2F902A657E9600F185A9 /* Build configuration list for PBXProject "MockInterviewProject#2" */ = {
			isa = XCConfigurationList;
			buildConfigurations = (
				ABDE2FA72A657E9900F185A9 /* Debug */,
				ABDE2FA82A657E9900F185A9 /* Release */,
			);
			defaultConfigurationIsVisible = 0;
			defaultConfigurationName = Release;
		};
		ABDE2FA92A657E9900F185A9 /* Build configuration list for PBXNativeTarget "MockInterviewProject#2" */ = {
			isa = XCConfigurationList;
			buildConfigurations = (
				ABDE2FAA2A657E9900F185A9 /* Debug */,
				ABDE2FAB2A657E9900F185A9 /* Release */,
			);
			defaultConfigurationIsVisible = 0;
			defaultConfigurationName = Release;
		};
/* End XCConfigurationList section */
	};
	rootObject = ABDE2F8D2A657E9600F185A9 /* Project object */;
}
